
Microsoft Visual Studio Solution File, Format Version 12.00
# Visual Studio Version 17
VisualStudioVersion = 17.4.33213.308
MinimumVisualStudioVersion = 10.0.40219.1
Project("{FAE04EC0-301F-11D3-BF4B-00C04F79EFBC}") = "BarBuddy.UI", "BarBuddy.UI.csproj", "{6318372A-747F-4282-B825-5FA5E0BDAC02}"
EndProject
Project("{9A19103F-16F7-4668-BE54-9A1E7A4F7556}") = "BarBuddy.Data", "..\BarBuddy\BarBuddy.Data\BarBuddy.Data.csproj", "{677CF3F0-AB54-4D60-9A31-970EFD196660}"
EndProject
Global
	GlobalSection(SolutionConfigurationPlatforms) = preSolution
		Debug|Any CPU = Debug|Any CPU
		Release|Any CPU = Release|Any CPU
	EndGlobalSection
	GlobalSection(ProjectConfigurationPlatforms) = postSolution
		{6318372A-747F-4282-B825-5FA5E0BDAC02}.Debug|Any CPU.ActiveCfg = Debug|Any CPU
		{6318372A-747F-4282-B825-5FA5E0BDAC02}.Debug|Any CPU.Build.0 = Debug|Any CPU
		{6318372A-747F-4282-B825-5FA5E0BDAC02}.Release|Any CPU.ActiveCfg = Release|Any CPU
		{6318372A-747F-4282-B825-5FA5E0BDAC02}.Release|Any CPU.Build.0 = Release|Any CPU
		{677CF3F0-AB54-4D60-9A31-970EFD196660}.Debug|Any CPU.ActiveCfg = Debug|Any CPU
		{677CF3F0-AB54-4D60-9A31-970EFD196660}.Debug|Any CPU.Build.0 = Debug|Any CPU
		{677CF3F0-AB54-4D60-9A31-970EFD196660}.Release|Any CPU.ActiveCfg = Release|Any CPU
		{677CF3F0-AB54-4D60-9A31-970EFD196660}.Release|Any CPU.Build.0 = Release|Any CPU
	EndGlobalSection
	GlobalSection(SolutionProperties) = preSolution
		HideSolutionNode = FALSE
	EndGlobalSection
	GlobalSection(ExtensibilityGlobals) = postSolution
		SolutionGuid = {1E084489-0B8C-47E3-A1F6-35E715558812}
	EndGlobalSection
EndGlobal
